
Microsoft Visual Studio Solution File, Format Version 12.00
# Visual Studio Version 17
VisualStudioVersion = 17.11.35327.3
MinimumVisualStudioVersion = 10.0.40219.1
Project("{9A19103F-16F7-4668-BE54-9A1E7A4F7556}") = "MTG.Database.Models", "MTG.Database.Models.csproj", "{CD4EF7FA-24E6-45A7-A52D-653BA75D94F1}"
EndProject
Global
	GlobalSection(SolutionConfigurationPlatforms) = preSolution
		Debug|Any CPU = Debug|Any CPU
		Release|Any CPU = Release|Any CPU
	EndGlobalSection
	GlobalSection(ProjectConfigurationPlatforms) = postSolution
		{CD4EF7FA-24E6-45A7-A52D-653BA75D94F1}.Debug|Any CPU.ActiveCfg = Debug|Any CPU
		{CD4EF7FA-24E6-45A7-A52D-653BA75D94F1}.Debug|Any CPU.Build.0 = Debug|Any CPU
		{CD4EF7FA-24E6-45A7-A52D-653BA75D94F1}.Release|Any CPU.ActiveCfg = Release|Any CPU
		{CD4EF7FA-24E6-45A7-A52D-653BA75D94F1}.Release|Any CPU.Build.0 = Release|Any CPU
	EndGlobalSection
	GlobalSection(SolutionProperties) = preSolution
		HideSolutionNode = FALSE
	EndGlobalSection
	GlobalSection(ExtensibilityGlobals) = postSolution
		SolutionGuid = {EE22DEBD-1476-49AF-BFEB-0C554FDEC18C}
	EndGlobalSection
EndGlobal
